<?xml version="1.0" encoding="UTF-8" standalone="yes" ?>
<CodeBlocks_project_file>
	<FileVersion major="1" minor="6" />
	<Project>
		<Option title="First OpenGL Program" />
		<Option pch_mode="2" />
		<Option compiler="gcc" />
		<Build>
			<Target title="Debug">
				<Option output="bin/Debug/First OpenGL Program" prefix_auto="1" extension_auto="1" />
				<Option object_output="obj/Debug/" />
				<Option type="1" />
				<Option compiler="gcc" />
				<Compiler>
					<Add option="-g" />
					<Add directory="Shader" />
					<Add directory="Sprite" />
					<Add directory="Model" />
				</Compiler>
				<Linker>
					<Add library="GL" />
					<Add library="GLEW" />
					<Add library="SDL2" />
				</Linker>
			</Target>
			<Target title="Release">
				<Option output="bin/Release/First OpenGL Program" prefix_auto="1" extension_auto="1" />
				<Option object_output="obj/Release/" />
				<Option type="1" />
				<Option compiler="gcc" />
				<Compiler>
					<Add option="-O2" />
					<Add directory="Shader" />
					<Add directory="Sprite" />
					<Add directory="Model" />
				</Compiler>
				<Linker>
					<Add option="-s" />
				</Linker>
			</Target>
		</Build>
		<Compiler>
			<Add option="-Wall" />
			<Add option="-fexceptions" />
		</Compiler>
		<Unit filename="Display/display.cpp" />
		<Unit filename="Display/display.h" />
		<Unit filename="Model/Shader/shader.cpp" />
		<Unit filename="Model/Shader/shader.h" />
		<Unit filename="Model/Sprite/sprite.cpp" />
		<Unit filename="Model/Sprite/sprite.h" />
		<Unit filename="Model/renderchain.cpp" />
		<Unit filename="Model/renderchain.h" />
		<Unit filename="Model/renderobject.cpp" />
		<Unit filename="Model/renderobject.h" />
		<Unit filename="main.cpp" />
		<Extensions>
			<envvars />
			<code_completion />
			<lib_finder disable_auto="1" />
			<debugger />
		</Extensions>
	</Project>
</CodeBlocks_project_file>
